// !$*UTF8*$!
{
	archiveVersion = 1;
	classes = {
	};
	objectVersion = 55;
	objects = {

/* Begin PBXBuildFile section */
		B4B4CC6128D9807F00039F36 /* LandmarksApp.swift in Sources */ = {isa = PBXBuildFile; fileRef = B4B4CC6028D9807F00039F36 /* LandmarksApp.swift */; };
		B4B4CC6328D9807F00039F36 /* ContentView.swift in Sources */ = {isa = PBXBuildFile; fileRef = B4B4CC6228D9807F00039F36 /* ContentView.swift */; };
		B4B4CC6528D9808000039F36 /* Assets.xcassets in Resources */ = {isa = PBXBuildFile; fileRef = B4B4CC6428D9808000039F36 /* Assets.xcassets */; };
		B4B4CC6828D9808000039F36 /* Preview Assets.xcassets in Resources */ = {isa = PBXBuildFile; fileRef = B4B4CC6728D9808000039F36 /* Preview Assets.xcassets */; };
		B4B4CC7228D9808000039F36 /* LandmarksTests.swift in Sources */ = {isa = PBXBuildFile; fileRef = B4B4CC7128D9808000039F36 /* LandmarksTests.swift */; };
		B4B4CC7C28D9808000039F36 /* LandmarksUITests.swift in Sources */ = {isa = PBXBuildFile; fileRef = B4B4CC7B28D9808000039F36 /* LandmarksUITests.swift */; };
		B4B4CC7E28D9808000039F36 /* LandmarksUITestsLaunchTests.swift in Sources */ = {isa = PBXBuildFile; fileRef = B4B4CC7D28D9808000039F36 /* LandmarksUITestsLaunchTests.swift */; };
		B4B4CC8B28D9848E00039F36 /* CircleImage.swift in Sources */ = {isa = PBXBuildFile; fileRef = B4B4CC8A28D9848E00039F36 /* CircleImage.swift */; };
		B4B4CC8D28D985C900039F36 /* MapView.swift in Sources */ = {isa = PBXBuildFile; fileRef = B4B4CC8C28D985C900039F36 /* MapView.swift */; };
		B4B4CC8F28D995C900039F36 /* landmarkData.json in Resources */ = {isa = PBXBuildFile; fileRef = B4B4CC8E28D995C900039F36 /* landmarkData.json */; };
		B4B4CC9128D995FB00039F36 /* Landmark.swift in Sources */ = {isa = PBXBuildFile; fileRef = B4B4CC9028D995FB00039F36 /* Landmark.swift */; };
		B4B4CC9328D997A500039F36 /* ModelData.swift in Sources */ = {isa = PBXBuildFile; fileRef = B4B4CC9228D997A500039F36 /* ModelData.swift */; };
		B4B4CC9828D9993A00039F36 /* LandmarkRow.swift in Sources */ = {isa = PBXBuildFile; fileRef = B4B4CC9728D9993A00039F36 /* LandmarkRow.swift */; };
		B4B4CC9A28D99BFA00039F36 /* LandmarkList.swift in Sources */ = {isa = PBXBuildFile; fileRef = B4B4CC9928D99BFA00039F36 /* LandmarkList.swift */; };
		B4B4CC9C28D99D4700039F36 /* LandmarkDetail.swift in Sources */ = {isa = PBXBuildFile; fileRef = B4B4CC9B28D99D4700039F36 /* LandmarkDetail.swift */; };
		B4B4CC9E28DAD89500039F36 /* FavoriteButton.swift in Sources */ = {isa = PBXBuildFile; fileRef = B4B4CC9D28DAD89500039F36 /* FavoriteButton.swift */; };
		B4B4CCA228DADBE000039F36 /* HexagonParameters.swift in Sources */ = {isa = PBXBuildFile; fileRef = B4B4CCA128DADBE000039F36 /* HexagonParameters.swift */; };
		B4B4CCA428DADCA500039F36 /* BadgeBackground.swift in Sources */ = {isa = PBXBuildFile; fileRef = B4B4CCA328DADCA500039F36 /* BadgeBackground.swift */; };
		B4B4CCA628DADF9800039F36 /* BadgeSymbol.swift in Sources */ = {isa = PBXBuildFile; fileRef = B4B4CCA528DADF9800039F36 /* BadgeSymbol.swift */; };
		B4B4CCA828DAE02900039F36 /* RotatedBadgeSymbol.swift in Sources */ = {isa = PBXBuildFile; fileRef = B4B4CCA728DAE02900039F36 /* RotatedBadgeSymbol.swift */; };
		B4B4CCAA28DAE0AC00039F36 /* Badge.swift in Sources */ = {isa = PBXBuildFile; fileRef = B4B4CCA928DAE0AC00039F36 /* Badge.swift */; };
/* End PBXBuildFile section */

/* Begin PBXContainerItemProxy section */
		B4B4CC6E28D9808000039F36 /* PBXContainerItemProxy */ = {
			isa = PBXContainerItemProxy;
			containerPortal = B4B4CC5528D9807F00039F36 /* Project object */;
			proxyType = 1;
			remoteGlobalIDString = B4B4CC5C28D9807F00039F36;
			remoteInfo = Landmarks;
		};
		B4B4CC7828D9808000039F36 /* PBXContainerItemProxy */ = {
			isa = PBXContainerItemProxy;
			containerPortal = B4B4CC5528D9807F00039F36 /* Project object */;
			proxyType = 1;
			remoteGlobalIDString = B4B4CC5C28D9807F00039F36;
			remoteInfo = Landmarks;
		};
/* End PBXContainerItemProxy section */

/* Begin PBXFileReference section */
		B4B4CC5D28D9807F00039F36 /* Landmarks.app */ = {isa = PBXFileReference; explicitFileType = wrapper.application; includeInIndex = 0; path = Landmarks.app; sourceTree = BUILT_PRODUCTS_DIR; };
		B4B4CC6028D9807F00039F36 /* LandmarksApp.swift */ = {isa = PBXFileReference; lastKnownFileType = sourcecode.swift; path = LandmarksApp.swift; sourceTree = "<group>"; };
		B4B4CC6228D9807F00039F36 /* ContentView.swift */ = {isa = PBXFileReference; lastKnownFileType = sourcecode.swift; path = ContentView.swift; sourceTree = "<group>"; };
		B4B4CC6428D9808000039F36 /* Assets.xcassets */ = {isa = PBXFileReference; lastKnownFileType = folder.assetcatalog; path = Assets.xcassets; sourceTree = "<group>"; };
		B4B4CC6728D9808000039F36 /* Preview Assets.xcassets */ = {isa = PBXFileReference; lastKnownFileType = folder.assetcatalog; path = "Preview Assets.xcassets"; sourceTree = "<group>"; };
		B4B4CC6D28D9808000039F36 /* LandmarksTests.xctest */ = {isa = PBXFileReference; explicitFileType = wrapper.cfbundle; includeInIndex = 0; path = LandmarksTests.xctest; sourceTree = BUILT_PRODUCTS_DIR; };
		B4B4CC7128D9808000039F36 /* LandmarksTests.swift */ = {isa = PBXFileReference; lastKnownFileType = sourcecode.swift; path = LandmarksTests.swift; sourceTree = "<group>"; };
		B4B4CC7728D9808000039F36 /* LandmarksUITests.xctest */ = {isa = PBXFileReference; explicitFileType = wrapper.cfbundle; includeInIndex = 0; path = LandmarksUITests.xctest; sourceTree = BUILT_PRODUCTS_DIR; };
		B4B4CC7B28D9808000039F36 /* LandmarksUITests.swift */ = {isa = PBXFileReference; lastKnownFileType = sourcecode.swift; path = LandmarksUITests.swift; sourceTree = "<group>"; };
		B4B4CC7D28D9808000039F36 /* LandmarksUITestsLaunchTests.swift */ = {isa = PBXFileReference; lastKnownFileType = sourcecode.swift; path = LandmarksUITestsLaunchTests.swift; sourceTree = "<group>"; };
		B4B4CC8A28D9848E00039F36 /* CircleImage.swift */ = {isa = PBXFileReference; lastKnownFileType = sourcecode.swift; path = CircleImage.swift; sourceTree = "<group>"; };
		B4B4CC8C28D985C900039F36 /* MapView.swift */ = {isa = PBXFileReference; lastKnownFileType = sourcecode.swift; path = MapView.swift; sourceTree = "<group>"; };
		B4B4CC8E28D995C900039F36 /* landmarkData.json */ = {isa = PBXFileReference; fileEncoding = 4; lastKnownFileType = text.json; path = landmarkData.json; sourceTree = "<group>"; };
		B4B4CC9028D995FB00039F36 /* Landmark.swift */ = {isa = PBXFileReference; lastKnownFileType = sourcecode.swift; path = Landmark.swift; sourceTree = "<group>"; };
		B4B4CC9228D997A500039F36 /* ModelData.swift */ = {isa = PBXFileReference; lastKnownFileType = sourcecode.swift; path = ModelData.swift; sourceTree = "<group>"; };
		B4B4CC9728D9993A00039F36 /* LandmarkRow.swift */ = {isa = PBXFileReference; lastKnownFileType = sourcecode.swift; name = LandmarkRow.swift; path = Landmarks/Views/Landmarks/LandmarkRow.swift; sourceTree = SOURCE_ROOT; };
		B4B4CC9928D99BFA00039F36 /* LandmarkList.swift */ = {isa = PBXFileReference; lastKnownFileType = sourcecode.swift; path = LandmarkList.swift; sourceTree = "<group>"; };
		B4B4CC9B28D99D4700039F36 /* LandmarkDetail.swift */ = {isa = PBXFileReference; lastKnownFileType = sourcecode.swift; path = LandmarkDetail.swift; sourceTree = "<group>"; };
		B4B4CC9D28DAD89500039F36 /* FavoriteButton.swift */ = {isa = PBXFileReference; lastKnownFileType = sourcecode.swift; path = FavoriteButton.swift; sourceTree = "<group>"; };
		B4B4CCA128DADBE000039F36 /* HexagonParameters.swift */ = {isa = PBXFileReference; lastKnownFileType = sourcecode.swift; path = HexagonParameters.swift; sourceTree = "<group>"; };
		B4B4CCA328DADCA500039F36 /* BadgeBackground.swift */ = {isa = PBXFileReference; lastKnownFileType = sourcecode.swift; path = BadgeBackground.swift; sourceTree = "<group>"; };
		B4B4CCA528DADF9800039F36 /* BadgeSymbol.swift */ = {isa = PBXFileReference; lastKnownFileType = sourcecode.swift; path = BadgeSymbol.swift; sourceTree = "<group>"; };
		B4B4CCA728DAE02900039F36 /* RotatedBadgeSymbol.swift */ = {isa = PBXFileReference; lastKnownFileType = sourcecode.swift; path = RotatedBadgeSymbol.swift; sourceTree = "<group>"; };
		B4B4CCA928DAE0AC00039F36 /* Badge.swift */ = {isa = PBXFileReference; lastKnownFileType = sourcecode.swift; path = Badge.swift; sourceTree = "<group>"; };
/* End PBXFileReference section */

/* Begin PBXFrameworksBuildPhase section */
		B4B4CC5A28D9807F00039F36 /* Frameworks */ = {
			isa = PBXFrameworksBuildPhase;
			buildActionMask = 2147483647;
			files = (
			);
			runOnlyForDeploymentPostprocessing = 0;
		};
		B4B4CC6A28D9808000039F36 /* Frameworks */ = {
			isa = PBXFrameworksBuildPhase;
			buildActionMask = 2147483647;
			files = (
			);
			runOnlyForDeploymentPostprocessing = 0;
		};
		B4B4CC7428D9808000039F36 /* Frameworks */ = {
			isa = PBXFrameworksBuildPhase;
			buildActionMask = 2147483647;
			files = (
			);
			runOnlyForDeploymentPostprocessing = 0;
		};
/* End PBXFrameworksBuildPhase section */

/* Begin PBXGroup section */
		B4B4CC5428D9807F00039F36 = {
			isa = PBXGroup;
			children = (
				B4B4CC5F28D9807F00039F36 /* Landmarks */,
				B4B4CC7028D9808000039F36 /* LandmarksTests */,
				B4B4CC7A28D9808000039F36 /* LandmarksUITests */,
				B4B4CC5E28D9807F00039F36 /* Products */,
			);
			sourceTree = "<group>";
		};
		B4B4CC5E28D9807F00039F36 /* Products */ = {
			isa = PBXGroup;
			children = (
				B4B4CC5D28D9807F00039F36 /* Landmarks.app */,
				B4B4CC6D28D9808000039F36 /* LandmarksTests.xctest */,
				B4B4CC7728D9808000039F36 /* LandmarksUITests.xctest */,
			);
			name = Products;
			sourceTree = "<group>";
		};
		B4B4CC5F28D9807F00039F36 /* Landmarks */ = {
			isa = PBXGroup;
			children = (
				B4B4CC6428D9808000039F36 /* Assets.xcassets */,
				B4B4CC6028D9807F00039F36 /* LandmarksApp.swift */,
				B4B4CC9528D998E600039F36 /* Model */,
				B4B4CC6628D9808000039F36 /* Preview Content */,
				B4B4CC9628D998F300039F36 /* Resources */,
				B4B4CC9428D998C700039F36 /* Views */,
			);
			path = Landmarks;
			sourceTree = "<group>";
		};
		B4B4CC6628D9808000039F36 /* Preview Content */ = {
			isa = PBXGroup;
			children = (
				B4B4CC6728D9808000039F36 /* Preview Assets.xcassets */,
			);
			path = "Preview Content";
			sourceTree = "<group>";
		};
		B4B4CC7028D9808000039F36 /* LandmarksTests */ = {
			isa = PBXGroup;
			children = (
				B4B4CC7128D9808000039F36 /* LandmarksTests.swift */,
			);
			path = LandmarksTests;
			sourceTree = "<group>";
		};
		B4B4CC7A28D9808000039F36 /* LandmarksUITests */ = {
			isa = PBXGroup;
			children = (
				B4B4CC7B28D9808000039F36 /* LandmarksUITests.swift */,
				B4B4CC7D28D9808000039F36 /* LandmarksUITestsLaunchTests.swift */,
			);
			path = LandmarksUITests;
			sourceTree = "<group>";
		};
		B4B4CC9428D998C700039F36 /* Views */ = {
			isa = PBXGroup;
			children = (
				B4B4CCAB28DAE20500039F36 /* Badge */,
				B4B4CC6228D9807F00039F36 /* ContentView.swift */,
				B4B4CCA028DAD96600039F36 /* Helpers */,
				B4B4CC9F28DAD95B00039F36 /* Landmarks */,
			);
			path = Views;
			sourceTree = "<group>";
		};
		B4B4CC9528D998E600039F36 /* Model */ = {
			isa = PBXGroup;
			children = (
				B4B4CC9028D995FB00039F36 /* Landmark.swift */,
				B4B4CC9228D997A500039F36 /* ModelData.swift */,
			);
			path = Model;
			sourceTree = "<group>";
		};
		B4B4CC9628D998F300039F36 /* Resources */ = {
			isa = PBXGroup;
			children = (
				B4B4CC8E28D995C900039F36 /* landmarkData.json */,
			);
			path = Resources;
			sourceTree = "<group>";
		};
		B4B4CC9F28DAD95B00039F36 /* Landmarks */ = {
			isa = PBXGroup;
			children = (
				B4B4CC9728D9993A00039F36 /* LandmarkRow.swift */,
				B4B4CC9928D99BFA00039F36 /* LandmarkList.swift */,
				B4B4CC9B28D99D4700039F36 /* LandmarkDetail.swift */,
			);
			path = Landmarks;
			sourceTree = "<group>";
		};
		B4B4CCA028DAD96600039F36 /* Helpers */ = {
			isa = PBXGroup;
			children = (
				B4B4CC9D28DAD89500039F36 /* FavoriteButton.swift */,
				B4B4CC8A28D9848E00039F36 /* CircleImage.swift */,
				B4B4CC8C28D985C900039F36 /* MapView.swift */,
			);
			path = Helpers;
			sourceTree = "<group>";
		};
		B4B4CCAB28DAE20500039F36 /* Badge */ = {
			isa = PBXGroup;
			children = (
				B4B4CCA928DAE0AC00039F36 /* Badge.swift */,
				B4B4CCA728DAE02900039F36 /* RotatedBadgeSymbol.swift */,
				B4B4CCA128DADBE000039F36 /* HexagonParameters.swift */,
				B4B4CCA528DADF9800039F36 /* BadgeSymbol.swift */,
				B4B4CCA328DADCA500039F36 /* BadgeBackground.swift */,
			);
			path = Badge;
			sourceTree = "<group>";
		};
/* End PBXGroup section */

/* Begin PBXNativeTarget section */
		B4B4CC5C28D9807F00039F36 /* Landmarks */ = {
			isa = PBXNativeTarget;
			buildConfigurationList = B4B4CC8128D9808000039F36 /* Build configuration list for PBXNativeTarget "Landmarks" */;
			buildPhases = (
				B4B4CC5928D9807F00039F36 /* Sources */,
				B4B4CC5A28D9807F00039F36 /* Frameworks */,
				B4B4CC5B28D9807F00039F36 /* Resources */,
			);
			buildRules = (
			);
			dependencies = (
			);
			name = Landmarks;
			productName = Landmarks;
			productReference = B4B4CC5D28D9807F00039F36 /* Landmarks.app */;
			productType = "com.apple.product-type.application";
		};
		B4B4CC6C28D9808000039F36 /* LandmarksTests */ = {
			isa = PBXNativeTarget;
			buildConfigurationList = B4B4CC8428D9808000039F36 /* Build configuration list for PBXNativeTarget "LandmarksTests" */;
			buildPhases = (
				B4B4CC6928D9808000039F36 /* Sources */,
				B4B4CC6A28D9808000039F36 /* Frameworks */,
				B4B4CC6B28D9808000039F36 /* Resources */,
			);
			buildRules = (
			);
			dependencies = (
				B4B4CC6F28D9808000039F36 /* PBXTargetDependency */,
			);
			name = LandmarksTests;
			productName = LandmarksTests;
			productReference = B4B4CC6D28D9808000039F36 /* LandmarksTests.xctest */;
			productType = "com.apple.product-type.bundle.unit-test";
		};
		B4B4CC7628D9808000039F36 /* LandmarksUITests */ = {
			isa = PBXNativeTarget;
			buildConfigurationList = B4B4CC8728D9808000039F36 /* Build configuration list for PBXNativeTarget "LandmarksUITests" */;
			buildPhases = (
				B4B4CC7328D9808000039F36 /* Sources */,
				B4B4CC7428D9808000039F36 /* Frameworks */,
				B4B4CC7528D9808000039F36 /* Resources */,
			);
			buildRules = (
			);
			dependencies = (
				B4B4CC7928D9808000039F36 /* PBXTargetDependency */,
			);
			name = LandmarksUITests;
			productName = LandmarksUITests;
			productReference = B4B4CC7728D9808000039F36 /* LandmarksUITests.xctest */;
			productType = "com.apple.product-type.bundle.ui-testing";
		};
/* End PBXNativeTarget section */

/* Begin PBXProject section */
		B4B4CC5528D9807F00039F36 /* Project object */ = {
			isa = PBXProject;
			attributes = {
				BuildIndependentTargetsInParallel = 1;
				LastSwiftUpdateCheck = 1340;
				LastUpgradeCheck = 1340;
				TargetAttributes = {
					B4B4CC5C28D9807F00039F36 = {
						CreatedOnToolsVersion = 13.4.1;
					};
					B4B4CC6C28D9808000039F36 = {
						CreatedOnToolsVersion = 13.4.1;
						TestTargetID = B4B4CC5C28D9807F00039F36;
					};
					B4B4CC7628D9808000039F36 = {
						CreatedOnToolsVersion = 13.4.1;
						TestTargetID = B4B4CC5C28D9807F00039F36;
					};
				};
			};
			buildConfigurationList = B4B4CC5828D9807F00039F36 /* Build configuration list for PBXProject "Landmarks" */;
			compatibilityVersion = "Xcode 13.0";
			developmentRegion = en;
			hasScannedForEncodings = 0;
			knownRegions = (
				en,
				Base,
			);
			mainGroup = B4B4CC5428D9807F00039F36;
			productRefGroup = B4B4CC5E28D9807F00039F36 /* Products */;
			projectDirPath = "";
			projectRoot = "";
			targets = (
				B4B4CC5C28D9807F00039F36 /* Landmarks */,
				B4B4CC6C28D9808000039F36 /* LandmarksTests */,
				B4B4CC7628D9808000039F36 /* LandmarksUITests */,
			);
		};
/* End PBXProject section */

/* Begin PBXResourcesBuildPhase section */
		B4B4CC5B28D9807F00039F36 /* Resources */ = {
			isa = PBXResourcesBuildPhase;
			buildActionMask = 2147483647;
			files = (
				B4B4CC6828D9808000039F36 /* Preview Assets.xcassets in Resources */,
				B4B4CC6528D9808000039F36 /* Assets.xcassets in Resources */,
				B4B4CC8F28D995C900039F36 /* landmarkData.json in Resources */,
			);
			runOnlyForDeploymentPostprocessing = 0;
		};
		B4B4CC6B28D9808000039F36 /* Resources */ = {
			isa = PBXResourcesBuildPhase;
			buildActionMask = 2147483647;
			files = (
			);
			runOnlyForDeploymentPostprocessing = 0;
		};
		B4B4CC7528D9808000039F36 /* Resources */ = {
			isa = PBXResourcesBuildPhase;
			buildActionMask = 2147483647;
			files = (
			);
			runOnlyForDeploymentPostprocessing = 0;
		};
/* End PBXResourcesBuildPhase section */

/* Begin PBXSourcesBuildPhase section */
		B4B4CC5928D9807F00039F36 /* Sources */ = {
			isa = PBXSourcesBuildPhase;
			buildActionMask = 2147483647;
			files = (
				B4B4CC6328D9807F00039F36 /* ContentView.swift in Sources */,
				B4B4CCAA28DAE0AC00039F36 /* Badge.swift in Sources */,
				B4B4CC8D28D985C900039F36 /* MapView.swift in Sources */,
				B4B4CC6128D9807F00039F36 /* LandmarksApp.swift in Sources */,
				B4B4CC9E28DAD89500039F36 /* FavoriteButton.swift in Sources */,
				B4B4CCA228DADBE000039F36 /* HexagonParameters.swift in Sources */,
				B4B4CCA828DAE02900039F36 /* RotatedBadgeSymbol.swift in Sources */,
				B4B4CCA628DADF9800039F36 /* BadgeSymbol.swift in Sources */,
				B4B4CC9A28D99BFA00039F36 /* LandmarkList.swift in Sources */,
				B4B4CC9C28D99D4700039F36 /* LandmarkDetail.swift in Sources */,
				B4B4CCA428DADCA500039F36 /* BadgeBackground.swift in Sources */,
				B4B4CC8B28D9848E00039F36 /* CircleImage.swift in Sources */,
				B4B4CC9128D995FB00039F36 /* Landmark.swift in Sources */,
				B4B4CC9828D9993A00039F36 /* LandmarkRow.swift in Sources */,
				B4B4CC9328D997A500039F36 /* ModelData.swift in Sources */,
			);
			runOnlyForDeploymentPostprocessing = 0;
		};
		B4B4CC6928D9808000039F36 /* Sources */ = {
			isa = PBXSourcesBuildPhase;
			buildActionMask = 2147483647;
			files = (
				B4B4CC7228D9808000039F36 /* LandmarksTests.swift in Sources */,
			);
			runOnlyForDeploymentPostprocessing = 0;
		};
		B4B4CC7328D9808000039F36 /* Sources */ = {
			isa = PBXSourcesBuildPhase;
			buildActionMask = 2147483647;
			files = (
				B4B4CC7E28D9808000039F36 /* LandmarksUITestsLaunchTests.swift in Sources */,
				B4B4CC7C28D9808000039F36 /* LandmarksUITests.swift in Sources */,
			);
			runOnlyForDeploymentPostprocessing = 0;
		};
/* End PBXSourcesBuildPhase section */

/* Begin PBXTargetDependency section */
		B4B4CC6F28D9808000039F36 /* PBXTargetDependency */ = {
			isa = PBXTargetDependency;
			target = B4B4CC5C28D9807F00039F36 /* Landmarks */;
			targetProxy = B4B4CC6E28D9808000039F36 /* PBXContainerItemProxy */;
		};
		B4B4CC7928D9808000039F36 /* PBXTargetDependency */ = {
			isa = PBXTargetDependency;
			target = B4B4CC5C28D9807F00039F36 /* Landmarks */;
			targetProxy = B4B4CC7828D9808000039F36 /* PBXContainerItemProxy */;
		};
/* End PBXTargetDependency section */

/* Begin XCBuildConfiguration section */
		B4B4CC7F28D9808000039F36 /* Debug */ = {
			isa = XCBuildConfiguration;
			buildSettings = {
				ALWAYS_SEARCH_USER_PATHS = NO;
				CLANG_ANALYZER_NONNULL = YES;
				CLANG_ANALYZER_NUMBER_OBJECT_CONVERSION = YES_AGGRESSIVE;
				CLANG_CXX_LANGUAGE_STANDARD = "gnu++17";
				CLANG_ENABLE_MODULES = YES;
				CLANG_ENABLE_OBJC_ARC = YES;
				CLANG_ENABLE_OBJC_WEAK = YES;
				CLANG_WARN_BLOCK_CAPTURE_AUTORELEASING = YES;
				CLANG_WARN_BOOL_CONVERSION = YES;
				CLANG_WARN_COMMA = YES;
				CLANG_WARN_CONSTANT_CONVERSION = YES;
				CLANG_WARN_DEPRECATED_OBJC_IMPLEMENTATIONS = YES;
				CLANG_WARN_DIRECT_OBJC_ISA_USAGE = YES_ERROR;
				CLANG_WARN_DOCUMENTATION_COMMENTS = YES;
				CLANG_WARN_EMPTY_BODY = YES;
				CLANG_WARN_ENUM_CONVERSION = YES;
				CLANG_WARN_INFINITE_RECURSION = YES;
				CLANG_WARN_INT_CONVERSION = YES;
				CLANG_WARN_NON_LITERAL_NULL_CONVERSION = YES;
				CLANG_WARN_OBJC_IMPLICIT_RETAIN_SELF = YES;
				CLANG_WARN_OBJC_LITERAL_CONVERSION = YES;
				CLANG_WARN_OBJC_ROOT_CLASS = YES_ERROR;
				CLANG_WARN_QUOTED_INCLUDE_IN_FRAMEWORK_HEADER = YES;
				CLANG_WARN_RANGE_LOOP_ANALYSIS = YES;
				CLANG_WARN_STRICT_PROTOTYPES = YES;
				CLANG_WARN_SUSPICIOUS_MOVE = YES;
				CLANG_WARN_UNGUARDED_AVAILABILITY = YES_AGGRESSIVE;
				CLANG_WARN_UNREACHABLE_CODE = YES;
				CLANG_WARN__DUPLICATE_METHOD_MATCH = YES;
				COPY_PHASE_STRIP = NO;
				DEBUG_INFORMATION_FORMAT = dwarf;
				ENABLE_STRICT_OBJC_MSGSEND = YES;
				ENABLE_TESTABILITY = YES;
				GCC_C_LANGUAGE_STANDARD = gnu11;
				GCC_DYNAMIC_NO_PIC = NO;
				GCC_NO_COMMON_BLOCKS = YES;
				GCC_OPTIMIZATION_LEVEL = 0;
				GCC_PREPROCESSOR_DEFINITIONS = (
					"DEBUG=1",
					"$(inherited)",
				);
				GCC_WARN_64_TO_32_BIT_CONVERSION = YES;
				GCC_WARN_ABOUT_RETURN_TYPE = YES_ERROR;
				GCC_WARN_UNDECLARED_SELECTOR = YES;
				GCC_WARN_UNINITIALIZED_AUTOS = YES_AGGRESSIVE;
				GCC_WARN_UNUSED_FUNCTION = YES;
				GCC_WARN_UNUSED_VARIABLE = YES;
				IPHONEOS_DEPLOYMENT_TARGET = 15.5;
				MTL_ENABLE_DEBUG_INFO = INCLUDE_SOURCE;
				MTL_FAST_MATH = YES;
				ONLY_ACTIVE_ARCH = YES;
				SDKROOT = iphoneos;
				SWIFT_ACTIVE_COMPILATION_CONDITIONS = DEBUG;
				SWIFT_OPTIMIZATION_LEVEL = "-Onone";
			};
			name = Debug;
		};
		B4B4CC8028D9808000039F36 /* Release */ = {
			isa = XCBuildConfiguration;
			buildSettings = {
				ALWAYS_SEARCH_USER_PATHS = NO;
				CLANG_ANALYZER_NONNULL = YES;
				CLANG_ANALYZER_NUMBER_OBJECT_CONVERSION = YES_AGGRESSIVE;
				CLANG_CXX_LANGUAGE_STANDARD = "gnu++17";
				CLANG_ENABLE_MODULES = YES;
				CLANG_ENABLE_OBJC_ARC = YES;
				CLANG_ENABLE_OBJC_WEAK = YES;
				CLANG_WARN_BLOCK_CAPTURE_AUTORELEASING = YES;
				CLANG_WARN_BOOL_CONVERSION = YES;
				CLANG_WARN_COMMA = YES;
				CLANG_WARN_CONSTANT_CONVERSION = YES;
				CLANG_WARN_DEPRECATED_OBJC_IMPLEMENTATIONS = YES;
				CLANG_WARN_DIRECT_OBJC_ISA_USAGE = YES_ERROR;
				CLANG_WARN_DOCUMENTATION_COMMENTS = YES;
				CLANG_WARN_EMPTY_BODY = YES;
				CLANG_WARN_ENUM_CONVERSION = YES;
				CLANG_WARN_INFINITE_RECURSION = YES;
				CLANG_WARN_INT_CONVERSION = YES;
				CLANG_WARN_NON_LITERAL_NULL_CONVERSION = YES;
				CLANG_WARN_OBJC_IMPLICIT_RETAIN_SELF = YES;
				CLANG_WARN_OBJC_LITERAL_CONVERSION = YES;
				CLANG_WARN_OBJC_ROOT_CLASS = YES_ERROR;
				CLANG_WARN_QUOTED_INCLUDE_IN_FRAMEWORK_HEADER = YES;
				CLANG_WARN_RANGE_LOOP_ANALYSIS = YES;
				CLANG_WARN_STRICT_PROTOTYPES = YES;
				CLANG_WARN_SUSPICIOUS_MOVE = YES;
				CLANG_WARN_UNGUARDED_AVAILABILITY = YES_AGGRESSIVE;
				CLANG_WARN_UNREACHABLE_CODE = YES;
				CLANG_WARN__DUPLICATE_METHOD_MATCH = YES;
				COPY_PHASE_STRIP = NO;
				DEBUG_INFORMATION_FORMAT = "dwarf-with-dsym";
				ENABLE_NS_ASSERTIONS = NO;
				ENABLE_STRICT_OBJC_MSGSEND = YES;
				GCC_C_LANGUAGE_STANDARD = gnu11;
				GCC_NO_COMMON_BLOCKS = YES;
				GCC_WARN_64_TO_32_BIT_CONVERSION = YES;
				GCC_WARN_ABOUT_RETURN_TYPE = YES_ERROR;
				GCC_WARN_UNDECLARED_SELECTOR = YES;
				GCC_WARN_UNINITIALIZED_AUTOS = YES_AGGRESSIVE;
				GCC_WARN_UNUSED_FUNCTION = YES;
				GCC_WARN_UNUSED_VARIABLE = YES;
				IPHONEOS_DEPLOYMENT_TARGET = 15.5;
				MTL_ENABLE_DEBUG_INFO = NO;
				MTL_FAST_MATH = YES;
				SDKROOT = iphoneos;
				SWIFT_COMPILATION_MODE = wholemodule;
				SWIFT_OPTIMIZATION_LEVEL = "-O";
				VALIDATE_PRODUCT = YES;
			};
			name = Release;
		};
		B4B4CC8228D9808000039F36 /* Debug */ = {
			isa = XCBuildConfiguration;
			buildSettings = {
				ASSETCATALOG_COMPILER_APPICON_NAME = AppIcon;
				ASSETCATALOG_COMPILER_GLOBAL_ACCENT_COLOR_NAME = AccentColor;
				CODE_SIGN_STYLE = Automatic;
				CURRENT_PROJECT_VERSION = 1;
				DEVELOPMENT_ASSET_PATHS = "\"Landmarks/Preview Content\"";
				ENABLE_PREVIEWS = YES;
				GENERATE_INFOPLIST_FILE = YES;
				INFOPLIST_KEY_UIApplicationSceneManifest_Generation = YES;
				INFOPLIST_KEY_UIApplicationSupportsIndirectInputEvents = YES;
				INFOPLIST_KEY_UILaunchScreen_Generation = YES;
				INFOPLIST_KEY_UISupportedInterfaceOrientations_iPad = "UIInterfaceOrientationPortrait UIInterfaceOrientationPortraitUpsideDown UIInterfaceOrientationLandscapeLeft UIInterfaceOrientationLandscapeRight";
				INFOPLIST_KEY_UISupportedInterfaceOrientations_iPhone = "UIInterfaceOrientationPortrait UIInterfaceOrientationLandscapeLeft UIInterfaceOrientationLandscapeRight";
				LD_RUNPATH_SEARCH_PATHS = (
					"$(inherited)",
					"@executable_path/Frameworks",
				);
				MARKETING_VERSION = 1.0;
				PRODUCT_BUNDLE_IDENTIFIER = com.example.Landmarks;
				PRODUCT_NAME = "$(TARGET_NAME)";
				SWIFT_EMIT_LOC_STRINGS = YES;
				SWIFT_VERSION = 5.0;
				TARGETED_DEVICE_FAMILY = "1,2";
			};
			name = Debug;
		};
		B4B4CC8328D9808000039F36 /* Release */ = {
			isa = XCBuildConfiguration;
			buildSettings = {
				ASSETCATALOG_COMPILER_APPICON_NAME = AppIcon;
				ASSETCATALOG_COMPILER_GLOBAL_ACCENT_COLOR_NAME = AccentColor;
				CODE_SIGN_STYLE = Automatic;
				CURRENT_PROJECT_VERSION = 1;
				DEVELOPMENT_ASSET_PATHS = "\"Landmarks/Preview Content\"";
				ENABLE_PREVIEWS = YES;
				GENERATE_INFOPLIST_FILE = YES;
				INFOPLIST_KEY_UIApplicationSceneManifest_Generation = YES;
				INFOPLIST_KEY_UIApplicationSupportsIndirectInputEvents = YES;
				INFOPLIST_KEY_UILaunchScreen_Generation = YES;
				INFOPLIST_KEY_UISupportedInterfaceOrientations_iPad = "UIInterfaceOrientationPortrait UIInterfaceOrientationPortraitUpsideDown UIInterfaceOrientationLandscapeLeft UIInterfaceOrientationLandscapeRight";
				INFOPLIST_KEY_UISupportedInterfaceOrientations_iPhone = "UIInterfaceOrientationPortrait UIInterfaceOrientationLandscapeLeft UIInterfaceOrientationLandscapeRight";
				LD_RUNPATH_SEARCH_PATHS = (
					"$(inherited)",
					"@executable_path/Frameworks",
				);
				MARKETING_VERSION = 1.0;
				PRODUCT_BUNDLE_IDENTIFIER = com.example.Landmarks;
				PRODUCT_NAME = "$(TARGET_NAME)";
				SWIFT_EMIT_LOC_STRINGS = YES;
				SWIFT_VERSION = 5.0;
				TARGETED_DEVICE_FAMILY = "1,2";
			};
			name = Release;
		};
		B4B4CC8528D9808000039F36 /* Debug */ = {
			isa = XCBuildConfiguration;
			buildSettings = {
				ALWAYS_EMBED_SWIFT_STANDARD_LIBRARIES = YES;
				BUNDLE_LOADER = "$(TEST_HOST)";
				CODE_SIGN_STYLE = Automatic;
				CURRENT_PROJECT_VERSION = 1;
				GENERATE_INFOPLIST_FILE = YES;
				IPHONEOS_DEPLOYMENT_TARGET = 15.5;
				MARKETING_VERSION = 1.0;
				PRODUCT_BUNDLE_IDENTIFIER = com.example.LandmarksTests;
				PRODUCT_NAME = "$(TARGET_NAME)";
				SWIFT_EMIT_LOC_STRINGS = NO;
				SWIFT_VERSION = 5.0;
				TARGETED_DEVICE_FAMILY = "1,2";
				TEST_HOST = "$(BUILT_PRODUCTS_DIR)/Landmarks.app/Landmarks";
			};
			name = Debug;
		};
		B4B4CC8628D9808000039F36 /* Release */ = {
			isa = XCBuildConfiguration;
			buildSettings = {
				ALWAYS_EMBED_SWIFT_STANDARD_LIBRARIES = YES;
				BUNDLE_LOADER = "$(TEST_HOST)";
				CODE_SIGN_STYLE = Automatic;
				CURRENT_PROJECT_VERSION = 1;
				GENERATE_INFOPLIST_FILE = YES;
				IPHONEOS_DEPLOYMENT_TARGET = 15.5;
				MARKETING_VERSION = 1.0;
				PRODUCT_BUNDLE_IDENTIFIER = com.example.LandmarksTests;
				PRODUCT_NAME = "$(TARGET_NAME)";
				SWIFT_EMIT_LOC_STRINGS = NO;
				SWIFT_VERSION = 5.0;
				TARGETED_DEVICE_FAMILY = "1,2";
				TEST_HOST = "$(BUILT_PRODUCTS_DIR)/Landmarks.app/Landmarks";
			};
			name = Release;
		};
		B4B4CC8828D9808000039F36 /* Debug */ = {
			isa = XCBuildConfiguration;
			buildSettings = {
				ALWAYS_EMBED_SWIFT_STANDARD_LIBRARIES = YES;
				CODE_SIGN_STYLE = Automatic;
				CURRENT_PROJECT_VERSION = 1;
				GENERATE_INFOPLIST_FILE = YES;
				MARKETING_VERSION = 1.0;
				PRODUCT_BUNDLE_IDENTIFIER = com.example.LandmarksUITests;
				PRODUCT_NAME = "$(TARGET_NAME)";
				SWIFT_EMIT_LOC_STRINGS = NO;
				SWIFT_VERSION = 5.0;
				TARGETED_DEVICE_FAMILY = "1,2";
				TEST_TARGET_NAME = Landmarks;
			};
			name = Debug;
		};
		B4B4CC8928D9808000039F36 /* Release */ = {
			isa = XCBuildConfiguration;
			buildSettings = {
				ALWAYS_EMBED_SWIFT_STANDARD_LIBRARIES = YES;
				CODE_SIGN_STYLE = Automatic;
				CURRENT_PROJECT_VERSION = 1;
				GENERATE_INFOPLIST_FILE = YES;
				MARKETING_VERSION = 1.0;
				PRODUCT_BUNDLE_IDENTIFIER = com.example.LandmarksUITests;
				PRODUCT_NAME = "$(TARGET_NAME)";
				SWIFT_EMIT_LOC_STRINGS = NO;
				SWIFT_VERSION = 5.0;
				TARGETED_DEVICE_FAMILY = "1,2";
				TEST_TARGET_NAME = Landmarks;
			};
			name = Release;
		};
/* End XCBuildConfiguration section */

/* Begin XCConfigurationList section */
		B4B4CC5828D9807F00039F36 /* Build configuration list for PBXProject "Landmarks" */ = {
			isa = XCConfigurationList;
			buildConfigurations = (
				B4B4CC7F28D9808000039F36 /* Debug */,
				B4B4CC8028D9808000039F36 /* Release */,
			);
			defaultConfigurationIsVisible = 0;
			defaultConfigurationName = Release;
		};
		B4B4CC8128D9808000039F36 /* Build configuration list for PBXNativeTarget "Landmarks" */ = {
			isa = XCConfigurationList;
			buildConfigurations = (
				B4B4CC8228D9808000039F36 /* Debug */,
				B4B4CC8328D9808000039F36 /* Release */,
			);
			defaultConfigurationIsVisible = 0;
			defaultConfigurationName = Release;
		};
		B4B4CC8428D9808000039F36 /* Build configuration list for PBXNativeTarget "LandmarksTests" */ = {
			isa = XCConfigurationList;
			buildConfigurations = (
				B4B4CC8528D9808000039F36 /* Debug */,
				B4B4CC8628D9808000039F36 /* Release */,
			);
			defaultConfigurationIsVisible = 0;
			defaultConfigurationName = Release;
		};
		B4B4CC8728D9808000039F36 /* Build configuration list for PBXNativeTarget "LandmarksUITests" */ = {
			isa = XCConfigurationList;
			buildConfigurations = (
				B4B4CC8828D9808000039F36 /* Debug */,
				B4B4CC8928D9808000039F36 /* Release */,
			);
			defaultConfigurationIsVisible = 0;
			defaultConfigurationName = Release;
		};
/* End XCConfigurationList section */
	};
	rootObject = B4B4CC5528D9807F00039F36 /* Project object */;
}
